
Microsoft Visual Studio Solution File, Format Version 12.00
# Visual Studio 14
VisualStudioVersion = 14.0.25420.1
MinimumVisualStudioVersion = 10.0.40219.1
Project("{2150E333-8FDC-42A3-9474-1A3956D46DE8}") = "src", "src", "{DF8C92E9-2C27-41F5-8329-C8CA9DB83176}"
EndProject
Project("{2150E333-8FDC-42A3-9474-1A3956D46DE8}") = "Solution Items", "Solution Items", "{7AA97399-F4FF-4B66-A950-E434886E1F8F}"
	ProjectSection(SolutionItems) = preProject
		global.json = global.json
	EndProjectSection
EndProject
Project("{8BB2217D-0F2D-49D1-97BC-3654ED321F3B}") = "HeroesApiNetCore", "src\HeroesApiNetCore\HeroesApiNetCore.xproj", "{EA4CD2E5-5B03-4972-8C11-E6ED355009DC}"
EndProject
Global
	GlobalSection(SolutionConfigurationPlatforms) = preSolution
		Debug|Any CPU = Debug|Any CPU
		Release|Any CPU = Release|Any CPU
	EndGlobalSection
	GlobalSection(ProjectConfigurationPlatforms) = postSolution
		{EA4CD2E5-5B03-4972-8C11-E6ED355009DC}.Debug|Any CPU.ActiveCfg = Debug|Any CPU
		{EA4CD2E5-5B03-4972-8C11-E6ED355009DC}.Debug|Any CPU.Build.0 = Debug|Any CPU
		{EA4CD2E5-5B03-4972-8C11-E6ED355009DC}.Release|Any CPU.ActiveCfg = Release|Any CPU
		{EA4CD2E5-5B03-4972-8C11-E6ED355009DC}.Release|Any CPU.Build.0 = Release|Any CPU
	EndGlobalSection
	GlobalSection(SolutionProperties) = preSolution
		HideSolutionNode = FALSE
	EndGlobalSection
	GlobalSection(NestedProjects) = preSolution
		{EA4CD2E5-5B03-4972-8C11-E6ED355009DC} = {DF8C92E9-2C27-41F5-8329-C8CA9DB83176}
	EndGlobalSection
EndGlobal
